
Microsoft Visual Studio Solution File, Format Version 12.00
# Visual Studio Version 16
VisualStudioVersion = 16.0.29613.14
MinimumVisualStudioVersion = 10.0.40219.1
Project("{FAE04EC0-301F-11D3-BF4B-00C04F79EFBC}") = "CoD2MP_w", "src\CoD2MP_w.csproj", "{79EAD147-A020-41F5-9A96-6FC5E3E4F8A3}"
EndProject
Project("{2150E333-8FDC-42A3-9474-1A3956D46DE8}") = "Solution Items", "Solution Items", "{E5F5C48E-9752-430F-AC20-AAE806F35A94}"
	ProjectSection(SolutionItems) = preProject
		.editorconfig = .editorconfig
	EndProjectSection
EndProject
Global
	GlobalSection(SolutionConfigurationPlatforms) = preSolution
		Debug|Any CPU = Debug|Any CPU
		Debug|x86 = Debug|x86
		Release|Any CPU = Release|Any CPU
		Release|x86 = Release|x86
	EndGlobalSection
	GlobalSection(ProjectConfigurationPlatforms) = postSolution
		{79EAD147-A020-41F5-9A96-6FC5E3E4F8A3}.Debug|Any CPU.ActiveCfg = Debug|x86
		{79EAD147-A020-41F5-9A96-6FC5E3E4F8A3}.Debug|x86.ActiveCfg = Debug|x86
		{79EAD147-A020-41F5-9A96-6FC5E3E4F8A3}.Debug|x86.Build.0 = Debug|x86
		{79EAD147-A020-41F5-9A96-6FC5E3E4F8A3}.Release|Any CPU.ActiveCfg = Release|x86
		{79EAD147-A020-41F5-9A96-6FC5E3E4F8A3}.Release|Any CPU.Build.0 = Release|x86
		{79EAD147-A020-41F5-9A96-6FC5E3E4F8A3}.Release|x86.ActiveCfg = Release|x86
		{79EAD147-A020-41F5-9A96-6FC5E3E4F8A3}.Release|x86.Build.0 = Release|x86
	EndGlobalSection
	GlobalSection(SolutionProperties) = preSolution
		HideSolutionNode = FALSE
	EndGlobalSection
	GlobalSection(ExtensibilityGlobals) = postSolution
		SolutionGuid = {FB1CCC3C-742F-47CE-9DCB-A7057013C3A1}
	EndGlobalSection
EndGlobal
